// !$*UTF8*$!
{
	archiveVersion = 1;
	classes = {
	};
	objectVersion = 50;
	objects = {

/* Begin PBXBuildFile section */
		3C200C2D228D9BA4002F7FAF /* PresentationViewModel.swift in Sources */ = {isa = PBXBuildFile; fileRef = 3C200C2C228D9BA4002F7FAF /* PresentationViewModel.swift */; };
		3C200C2F228D9BFE002F7FAF /* PresentationViewController.swift in Sources */ = {isa = PBXBuildFile; fileRef = 3C200C2E228D9BFE002F7FAF /* PresentationViewController.swift */; };
		3C200C31228D9CE8002F7FAF /* ViewModelProtocol.swift in Sources */ = {isa = PBXBuildFile; fileRef = 3C200C30228D9CE8002F7FAF /* ViewModelProtocol.swift */; };
		3C200C33228D9E92002F7FAF /* NodePresentationTableViewCell.swift in Sources */ = {isa = PBXBuildFile; fileRef = 3C200C32228D9E92002F7FAF /* NodePresentationTableViewCell.swift */; };
		3C200C572294773A002F7FAF /* BranchCollectionView.swift in Sources */ = {isa = PBXBuildFile; fileRef = 3C200C5622947738002F7FAF /* BranchCollectionView.swift */; };
		927CFA5B228DAB8800CAC09E /* ShortcutView.swift in Sources */ = {isa = PBXBuildFile; fileRef = 927CFA5A228DAB8800CAC09E /* ShortcutView.swift */; };
		927CFA5D228ED0A500CAC09E /* ShortcutViewDelegate.swift in Sources */ = {isa = PBXBuildFile; fileRef = 927CFA5C228ED0A500CAC09E /* ShortcutViewDelegate.swift */; };
		927CFA5F2291CA1400CAC09E /* ShortcutViewDataSource.swift in Sources */ = {isa = PBXBuildFile; fileRef = 927CFA5E2291CA1400CAC09E /* ShortcutViewDataSource.swift */; };
		92E92CEC228C59A9000494BA /* HistoryGraphDelegate.swift in Sources */ = {isa = PBXBuildFile; fileRef = 92E92CEB228C59A9000494BA /* HistoryGraphDelegate.swift */; };
		92E92CEE228CFE75000494BA /* HistoryGridDelegate.swift in Sources */ = {isa = PBXBuildFile; fileRef = 92E92CED228CFE75000494BA /* HistoryGridDelegate.swift */; };
		C77E46C789F9B2BADE16D712 /* Pods_Minichallenge3.framework in Frameworks */ = {isa = PBXBuildFile; fileRef = 3CF4D23D356FA463D37FC974 /* Pods_Minichallenge3.framework */; };
		E3012A722285A7B000AB008F /* HistoryNodesGridTests.swift in Sources */ = {isa = PBXBuildFile; fileRef = E3012A712285A7B000AB008F /* HistoryNodesGridTests.swift */; };
		E3012A742285BCAD00AB008F /* HistoryConnectionTests.swift in Sources */ = {isa = PBXBuildFile; fileRef = E3012A732285BCAD00AB008F /* HistoryConnectionTests.swift */; };
		E32A379B228A4FD700E2F8B1 /* GraphViewOperator.swift in Sources */ = {isa = PBXBuildFile; fileRef = E32A379A228A4FD700E2F8B1 /* GraphViewOperator.swift */; };
		E32A379E228B011300E2F8B1 /* MyNarrativesView.swift in Sources */ = {isa = PBXBuildFile; fileRef = E32A379C228B011300E2F8B1 /* MyNarrativesView.swift */; };
		E32A379F228B011300E2F8B1 /* CustomNavigation.swift in Sources */ = {isa = PBXBuildFile; fileRef = E32A379D228B011300E2F8B1 /* CustomNavigation.swift */; };
		E32A37A1228B013600E2F8B1 /* MyNarrativesViewController.swift in Sources */ = {isa = PBXBuildFile; fileRef = E32A37A0228B013600E2F8B1 /* MyNarrativesViewController.swift */; };
		E32A37A5228ED44300E2F8B1 /* GraphItemEmptyView.swift in Sources */ = {isa = PBXBuildFile; fileRef = E32A37A4228ED44300E2F8B1 /* GraphItemEmptyView.swift */; };
		E32A37A7228EE69E00E2F8B1 /* CGRect+init.swift in Sources */ = {isa = PBXBuildFile; fileRef = E32A37A6228EE69E00E2F8B1 /* CGRect+init.swift */; };
		E32A37AA229040B300E2F8B1 /* OperationAnimationStage.swift in Sources */ = {isa = PBXBuildFile; fileRef = E32A37A9229040B300E2F8B1 /* OperationAnimationStage.swift */; };
		E32A37AC2290496000E2F8B1 /* GraphViewAnimator.swift in Sources */ = {isa = PBXBuildFile; fileRef = E32A37AB2290496000E2F8B1 /* GraphViewAnimator.swift */; };
		E32A37AE2290580500E2F8B1 /* Array+set+call.swift in Sources */ = {isa = PBXBuildFile; fileRef = E32A37AD2290580500E2F8B1 /* Array+set+call.swift */; };
		E32A37B022905F7000E2F8B1 /* NotifierView.swift in Sources */ = {isa = PBXBuildFile; fileRef = E32A37AF22905F7000E2F8B1 /* NotifierView.swift */; };
		E32A37B32290949E00E2F8B1 /* RAMDatabase.swift in Sources */ = {isa = PBXBuildFile; fileRef = E32A37B22290949E00E2F8B1 /* RAMDatabase.swift */; };
		E32A37C0229098EB00E2F8B1 /* DAO.swift in Sources */ = {isa = PBXBuildFile; fileRef = E32A37BE229098EB00E2F8B1 /* DAO.swift */; };
		E32A37C322909A8200E2F8B1 /* RAMHistoryDAO.swift in Sources */ = {isa = PBXBuildFile; fileRef = E32A37C222909A8200E2F8B1 /* RAMHistoryDAO.swift */; };
		E32A37C522909D7400E2F8B1 /* HistoryGraphViewController.swift in Sources */ = {isa = PBXBuildFile; fileRef = E32A37C422909D7400E2F8B1 /* HistoryGraphViewController.swift */; };
		E32A37C722909E8500E2F8B1 /* HistoryGraphViewModel.swift in Sources */ = {isa = PBXBuildFile; fileRef = E32A37C622909E8500E2F8B1 /* HistoryGraphViewModel.swift */; };
		E32A37CB2290A06E00E2F8B1 /* HistoryGraphState.swift in Sources */ = {isa = PBXBuildFile; fileRef = E32A37CA2290A06E00E2F8B1 /* HistoryGraphState.swift */; };
		E32A37CD2290A12100E2F8B1 /* CardViewProtocol.swift in Sources */ = {isa = PBXBuildFile; fileRef = E32A37CC2290A12100E2F8B1 /* CardViewProtocol.swift */; };
		E32A37CF2290A14A00E2F8B1 /* HistoryNodeViewModel.swift in Sources */ = {isa = PBXBuildFile; fileRef = E32A37CE2290A14A00E2F8B1 /* HistoryNodeViewModel.swift */; };
		E32A37D12290B4F000E2F8B1 /* HistoryGraphViewModelDelegate.swift in Sources */ = {isa = PBXBuildFile; fileRef = E32A37D02290B4F000E2F8B1 /* HistoryGraphViewModelDelegate.swift */; };
		E32A37D32290B87800E2F8B1 /* SinopseLabel.swift in Sources */ = {isa = PBXBuildFile; fileRef = E32A37D22290B87800E2F8B1 /* SinopseLabel.swift */; };
		E32A37D72290BC3B00E2F8B1 /* SinopseView.swift in Sources */ = {isa = PBXBuildFile; fileRef = E32A37D62290BC3B00E2F8B1 /* SinopseView.swift */; };
		E32A37D92290C2D700E2F8B1 /* HistoryGraphViewModelNodeType.swift in Sources */ = {isa = PBXBuildFile; fileRef = E32A37D82290C2D700E2F8B1 /* HistoryGraphViewModelNodeType.swift */; };
		E32A37DC2290C65200E2F8B1 /* GraphViewItemEventHandler.swift in Sources */ = {isa = PBXBuildFile; fileRef = E32A37DB2290C65200E2F8B1 /* GraphViewItemEventHandler.swift */; };
		E32A37DF22917EB000E2F8B1 /* GraphViewConnectionEventHandler.swift in Sources */ = {isa = PBXBuildFile; fileRef = E32A37DE22917EB000E2F8B1 /* GraphViewConnectionEventHandler.swift */; };
		E32A37E12291996F00E2F8B1 /* GraphViewDidLayoutType.swift in Sources */ = {isa = PBXBuildFile; fileRef = E32A37E02291996F00E2F8B1 /* GraphViewDidLayoutType.swift */; };
		E32A37E5229236FF00E2F8B1 /* GraphViewEventHandler.swift in Sources */ = {isa = PBXBuildFile; fileRef = E32A37E4229236FF00E2F8B1 /* GraphViewEventHandler.swift */; };
		E32A37E722923ADD00E2F8B1 /* GraphView+operations.swift in Sources */ = {isa = PBXBuildFile; fileRef = E32A37E622923ADD00E2F8B1 /* GraphView+operations.swift */; };
		E331CCC62287B3070041379B /* GraphView.swift in Sources */ = {isa = PBXBuildFile; fileRef = E331CCC52287B3070041379B /* GraphView.swift */; };
		E331CCCA228846B20041379B /* GraphViewDelegate.swift in Sources */ = {isa = PBXBuildFile; fileRef = E331CCC9228846B20041379B /* GraphViewDelegate.swift */; };
		E331CCCC228846C20041379B /* GraphViewDatasource.swift in Sources */ = {isa = PBXBuildFile; fileRef = E331CCCB228846C20041379B /* GraphViewDatasource.swift */; };
		E331CCCF2288802B0041379B /* Array+forearch.swift in Sources */ = {isa = PBXBuildFile; fileRef = E331CCCE2288802B0041379B /* Array+forearch.swift */; };
		E331CCD12288971D0041379B /* GraphLineView.swift in Sources */ = {isa = PBXBuildFile; fileRef = E331CCD02288971D0041379B /* GraphLineView.swift */; };
		E381E2C32288D7B700E25B78 /* GraphItemView.swift in Sources */ = {isa = PBXBuildFile; fileRef = E381E2C22288D7B700E25B78 /* GraphItemView.swift */; };
		E381E2C52288DC1D00E25B78 /* GraphViewConnector.swift in Sources */ = {isa = PBXBuildFile; fileRef = E381E2C42288DC1D00E25B78 /* GraphViewConnector.swift */; };
		E381E2C72288DCC500E25B78 /* ItemViewConnector.swift in Sources */ = {isa = PBXBuildFile; fileRef = E381E2C62288DCC500E25B78 /* ItemViewConnector.swift */; };
		E381E2C92288DE8300E25B78 /* CGPoint+add.swift in Sources */ = {isa = PBXBuildFile; fileRef = E381E2C82288DE8300E25B78 /* CGPoint+add.swift */; };
		E381E2CB2288E0AF00E25B78 /* UIBezierPath+addPolygon.swift in Sources */ = {isa = PBXBuildFile; fileRef = E381E2CA2288E0AF00E25B78 /* UIBezierPath+addPolygon.swift */; };
		E381E2D12289C41800E25B78 /* NSLayoutConstraint+activate.swift in Sources */ = {isa = PBXBuildFile; fileRef = E381E2D02289C41800E25B78 /* NSLayoutConstraint+activate.swift */; };
		E381E2D32289C58F00E25B78 /* ItemViewConnectorDirection.swift in Sources */ = {isa = PBXBuildFile; fileRef = E381E2D22289C58F00E25B78 /* ItemViewConnectorDirection.swift */; };
		E3C030B822844F0800AD53E0 /* HistoryGraphTests.swift in Sources */ = {isa = PBXBuildFile; fileRef = E3C030B722844F0800AD53E0 /* HistoryGraphTests.swift */; };
		E3C030C5228478EB00AD53E0 /* HistoryGraph.h in Headers */ = {isa = PBXBuildFile; fileRef = E3C030C3228478EB00AD53E0 /* HistoryGraph.h */; settings = {ATTRIBUTES = (Public, ); }; };
		E3C030C8228478EB00AD53E0 /* HistoryGraph.framework in Frameworks */ = {isa = PBXBuildFile; fileRef = E3C030C1228478EB00AD53E0 /* HistoryGraph.framework */; };
		E3C030C9228478EB00AD53E0 /* HistoryGraph.framework in Embed Frameworks */ = {isa = PBXBuildFile; fileRef = E3C030C1228478EB00AD53E0 /* HistoryGraph.framework */; settings = {ATTRIBUTES = (CodeSignOnCopy, RemoveHeadersOnCopy, ); }; };
		E3C030CE228479DC00AD53E0 /* HistoryError.swift in Sources */ = {isa = PBXBuildFile; fileRef = E3C030BA22845ECE00AD53E0 /* HistoryError.swift */; };
		E3C030CF228479DC00AD53E0 /* HistoryGraph.swift in Sources */ = {isa = PBXBuildFile; fileRef = E3C030AB2282F19500AD53E0 /* HistoryGraph.swift */; };
		E3C030D0228479DC00AD53E0 /* HistoryNodeProtocol.swift in Sources */ = {isa = PBXBuildFile; fileRef = E3C030AD2282F1B400AD53E0 /* HistoryNodeProtocol.swift */; };
		E3C030D1228479DC00AD53E0 /* HistoryNode.swift in Sources */ = {isa = PBXBuildFile; fileRef = E3C030AF2282F1C500AD53E0 /* HistoryNode.swift */; };
		E3C030D2228479DC00AD53E0 /* HistoryShortcut.swift in Sources */ = {isa = PBXBuildFile; fileRef = E3C030B12282F1E300AD53E0 /* HistoryShortcut.swift */; };
		E3C030D3228479DC00AD53E0 /* HistoryConnection.swift in Sources */ = {isa = PBXBuildFile; fileRef = E3C030B32282F1F300AD53E0 /* HistoryConnection.swift */; };
		E3C030D4228479DC00AD53E0 /* HistoryNodesGrid.swift in Sources */ = {isa = PBXBuildFile; fileRef = E3C030B5228322FC00AD53E0 /* HistoryNodesGrid.swift */; };
		FC017E40228E577E008979E7 /* AddRamificationViewModel.swift in Sources */ = {isa = PBXBuildFile; fileRef = FC017E3F228E577E008979E7 /* AddRamificationViewModel.swift */; };
		FC02E93D228AFFC100537429 /* ExpandableTableViewCell.swift in Sources */ = {isa = PBXBuildFile; fileRef = FC02E939228AFFC100537429 /* ExpandableTableViewCell.swift */; };
		FC02E93E228AFFC100537429 /* ExpandableTableViewHeaderView.swift in Sources */ = {isa = PBXBuildFile; fileRef = FC02E93A228AFFC100537429 /* ExpandableTableViewHeaderView.swift */; };
		FC02F5DA228D8B31008F0777 /* UITextView+addDoneButtonOnKeyboard.swift in Sources */ = {isa = PBXBuildFile; fileRef = FC02F5D5228D8B31008F0777 /* UITextView+addDoneButtonOnKeyboard.swift */; };
		FC02F5DB228D8B31008F0777 /* AppColors.swift in Sources */ = {isa = PBXBuildFile; fileRef = FC02F5D6228D8B31008F0777 /* AppColors.swift */; };
		FC02F5DC228D8B31008F0777 /* UIColor+hexInit.swift in Sources */ = {isa = PBXBuildFile; fileRef = FC02F5D7228D8B31008F0777 /* UIColor+hexInit.swift */; };
		FC02F5DD228D8B31008F0777 /* String+calculateSize.swift in Sources */ = {isa = PBXBuildFile; fileRef = FC02F5D8228D8B31008F0777 /* String+calculateSize.swift */; };
		FC02F5DE228D8B31008F0777 /* UIView+round.swift in Sources */ = {isa = PBXBuildFile; fileRef = FC02F5D9228D8B31008F0777 /* UIView+round.swift */; };
		FC02F5E6228D8E32008F0777 /* NodeDetailsView.swift in Sources */ = {isa = PBXBuildFile; fileRef = FC02F5E4228D8E32008F0777 /* NodeDetailsView.swift */; };
		FC02F5E7228D8E32008F0777 /* DetailsViewController.swift in Sources */ = {isa = PBXBuildFile; fileRef = FC02F5E5228D8E32008F0777 /* DetailsViewController.swift */; };
		FC02F5EA228D8EA2008F0777 /* BranchCollectionViewCell.swift in Sources */ = {isa = PBXBuildFile; fileRef = FC02F5E9228D8EA2008F0777 /* BranchCollectionViewCell.swift */; };
		FC02F5ED228D8F08008F0777 /* DetailsViewModel.swift in Sources */ = {isa = PBXBuildFile; fileRef = FC02F5EC228D8F08008F0777 /* DetailsViewModel.swift */; };
		FC02F5F1228D9AC9008F0777 /* AddRamificationViewController.swift in Sources */ = {isa = PBXBuildFile; fileRef = FC02F5F0228D9AC9008F0777 /* AddRamificationViewController.swift */; };
		FC02F5F3228DA510008F0777 /* AddRamificationsView.swift in Sources */ = {isa = PBXBuildFile; fileRef = FC02F5F2228DA510008F0777 /* AddRamificationsView.swift */; };
		FC060916228C6A1B008C98AE /* CardView.swift in Sources */ = {isa = PBXBuildFile; fileRef = FC060915228C6A1B008C98AE /* CardView.swift */; };
		FCB3548E228065AF00AB7ED2 /* AppDelegate.swift in Sources */ = {isa = PBXBuildFile; fileRef = FCB3548D228065AF00AB7ED2 /* AppDelegate.swift */; };
		FCB35490228065AF00AB7ED2 /* ViewController.swift in Sources */ = {isa = PBXBuildFile; fileRef = FCB3548F228065AF00AB7ED2 /* ViewController.swift */; };
		FCB35493228065AF00AB7ED2 /* Main.storyboard in Resources */ = {isa = PBXBuildFile; fileRef = FCB35491228065AF00AB7ED2 /* Main.storyboard */; };
		FCB35498228065B000AB7ED2 /* Assets.xcassets in Resources */ = {isa = PBXBuildFile; fileRef = FCB35497228065B000AB7ED2 /* Assets.xcassets */; };
		FCB3549B228065B000AB7ED2 /* LaunchScreen.storyboard in Resources */ = {isa = PBXBuildFile; fileRef = FCB35499228065B000AB7ED2 /* LaunchScreen.storyboard */; };
		FCB354A6228065B000AB7ED2 /* Minichallenge3Tests.swift in Sources */ = {isa = PBXBuildFile; fileRef = FCB354A5228065B000AB7ED2 /* Minichallenge3Tests.swift */; };
		FCB354B1228065B000AB7ED2 /* Minichallenge3UITests.swift in Sources */ = {isa = PBXBuildFile; fileRef = FCB354B0228065B000AB7ED2 /* Minichallenge3UITests.swift */; };
		FCB354BF2280688D00AB7ED2 /* CITest.swift in Sources */ = {isa = PBXBuildFile; fileRef = FCB354BE2280688D00AB7ED2 /* CITest.swift */; };
/* End PBXBuildFile section */

/* Begin PBXContainerItemProxy section */
		E3C030C6228478EB00AD53E0 /* PBXContainerItemProxy */ = {
			isa = PBXContainerItemProxy;
			containerPortal = FCB35482228065AF00AB7ED2 /* Project object */;
			proxyType = 1;
			remoteGlobalIDString = E3C030C0228478EB00AD53E0;
			remoteInfo = HistoryGraph;
		};
		FCB354A2228065B000AB7ED2 /* PBXContainerItemProxy */ = {
			isa = PBXContainerItemProxy;
			containerPortal = FCB35482228065AF00AB7ED2 /* Project object */;
			proxyType = 1;
			remoteGlobalIDString = FCB35489228065AF00AB7ED2;
			remoteInfo = Minichallenge3;
		};
		FCB354AD228065B000AB7ED2 /* PBXContainerItemProxy */ = {
			isa = PBXContainerItemProxy;
			containerPortal = FCB35482228065AF00AB7ED2 /* Project object */;
			proxyType = 1;
			remoteGlobalIDString = FCB35489228065AF00AB7ED2;
			remoteInfo = Minichallenge3;
		};
/* End PBXContainerItemProxy section */

/* Begin PBXCopyFilesBuildPhase section */
		E3C030CD228478EB00AD53E0 /* Embed Frameworks */ = {
			isa = PBXCopyFilesBuildPhase;
			buildActionMask = 2147483647;
			dstPath = "";
			dstSubfolderSpec = 10;
			files = (
				E3C030C9228478EB00AD53E0 /* HistoryGraph.framework in Embed Frameworks */,
			);
			name = "Embed Frameworks";
			runOnlyForDeploymentPostprocessing = 0;
		};
/* End PBXCopyFilesBuildPhase section */

/* Begin PBXFileReference section */
		3C200C2C228D9BA4002F7FAF /* PresentationViewModel.swift */ = {isa = PBXFileReference; lastKnownFileType = sourcecode.swift; path = PresentationViewModel.swift; sourceTree = "<group>"; };
		3C200C2E228D9BFE002F7FAF /* PresentationViewController.swift */ = {isa = PBXFileReference; lastKnownFileType = sourcecode.swift; path = PresentationViewController.swift; sourceTree = "<group>"; };
		3C200C30228D9CE8002F7FAF /* ViewModelProtocol.swift */ = {isa = PBXFileReference; lastKnownFileType = sourcecode.swift; path = ViewModelProtocol.swift; sourceTree = "<group>"; };
		3C200C32228D9E92002F7FAF /* NodePresentationTableViewCell.swift */ = {isa = PBXFileReference; lastKnownFileType = sourcecode.swift; path = NodePresentationTableViewCell.swift; sourceTree = "<group>"; };
		3C200C5622947738002F7FAF /* BranchCollectionView.swift */ = {isa = PBXFileReference; lastKnownFileType = sourcecode.swift; path = BranchCollectionView.swift; sourceTree = "<group>"; };
		3CF4D23D356FA463D37FC974 /* Pods_Minichallenge3.framework */ = {isa = PBXFileReference; explicitFileType = wrapper.framework; includeInIndex = 0; path = Pods_Minichallenge3.framework; sourceTree = BUILT_PRODUCTS_DIR; };
		4405664E379635FBB9519A12 /* Pods-Minichallenge3.debug.xcconfig */ = {isa = PBXFileReference; includeInIndex = 1; lastKnownFileType = text.xcconfig; name = "Pods-Minichallenge3.debug.xcconfig"; path = "Pods/Target Support Files/Pods-Minichallenge3/Pods-Minichallenge3.debug.xcconfig"; sourceTree = "<group>"; };
		927CFA5A228DAB8800CAC09E /* ShortcutView.swift */ = {isa = PBXFileReference; lastKnownFileType = sourcecode.swift; path = ShortcutView.swift; sourceTree = "<group>"; };
		927CFA5C228ED0A500CAC09E /* ShortcutViewDelegate.swift */ = {isa = PBXFileReference; lastKnownFileType = sourcecode.swift; path = ShortcutViewDelegate.swift; sourceTree = "<group>"; };
		927CFA5E2291CA1400CAC09E /* ShortcutViewDataSource.swift */ = {isa = PBXFileReference; lastKnownFileType = sourcecode.swift; path = ShortcutViewDataSource.swift; sourceTree = "<group>"; };
		92E92CEB228C59A9000494BA /* HistoryGraphDelegate.swift */ = {isa = PBXFileReference; lastKnownFileType = sourcecode.swift; path = HistoryGraphDelegate.swift; sourceTree = "<group>"; };
		92E92CED228CFE75000494BA /* HistoryGridDelegate.swift */ = {isa = PBXFileReference; lastKnownFileType = sourcecode.swift; path = HistoryGridDelegate.swift; sourceTree = "<group>"; };
		B20FF8B7118109CF1BB19056 /* Pods-Minichallenge3.release.xcconfig */ = {isa = PBXFileReference; includeInIndex = 1; lastKnownFileType = text.xcconfig; name = "Pods-Minichallenge3.release.xcconfig"; path = "Pods/Target Support Files/Pods-Minichallenge3/Pods-Minichallenge3.release.xcconfig"; sourceTree = "<group>"; };
		E3012A712285A7B000AB008F /* HistoryNodesGridTests.swift */ = {isa = PBXFileReference; lastKnownFileType = sourcecode.swift; path = HistoryNodesGridTests.swift; sourceTree = "<group>"; };
		E3012A732285BCAD00AB008F /* HistoryConnectionTests.swift */ = {isa = PBXFileReference; lastKnownFileType = sourcecode.swift; path = HistoryConnectionTests.swift; sourceTree = "<group>"; };
		E32A379A228A4FD700E2F8B1 /* GraphViewOperator.swift */ = {isa = PBXFileReference; lastKnownFileType = sourcecode.swift; path = GraphViewOperator.swift; sourceTree = "<group>"; };
		E32A379C228B011300E2F8B1 /* MyNarrativesView.swift */ = {isa = PBXFileReference; fileEncoding = 4; lastKnownFileType = sourcecode.swift; path = MyNarrativesView.swift; sourceTree = "<group>"; };
		E32A379D228B011300E2F8B1 /* CustomNavigation.swift */ = {isa = PBXFileReference; fileEncoding = 4; lastKnownFileType = sourcecode.swift; path = CustomNavigation.swift; sourceTree = "<group>"; };
		E32A37A0228B013600E2F8B1 /* MyNarrativesViewController.swift */ = {isa = PBXFileReference; fileEncoding = 4; lastKnownFileType = sourcecode.swift; path = MyNarrativesViewController.swift; sourceTree = "<group>"; };
		E32A37A4228ED44300E2F8B1 /* GraphItemEmptyView.swift */ = {isa = PBXFileReference; lastKnownFileType = sourcecode.swift; path = GraphItemEmptyView.swift; sourceTree = "<group>"; };
		E32A37A6228EE69E00E2F8B1 /* CGRect+init.swift */ = {isa = PBXFileReference; lastKnownFileType = sourcecode.swift; path = "CGRect+init.swift"; sourceTree = "<group>"; };
		E32A37A9229040B300E2F8B1 /* OperationAnimationStage.swift */ = {isa = PBXFileReference; lastKnownFileType = sourcecode.swift; path = OperationAnimationStage.swift; sourceTree = "<group>"; };
		E32A37AB2290496000E2F8B1 /* GraphViewAnimator.swift */ = {isa = PBXFileReference; lastKnownFileType = sourcecode.swift; path = GraphViewAnimator.swift; sourceTree = "<group>"; };
		E32A37AD2290580500E2F8B1 /* Array+set+call.swift */ = {isa = PBXFileReference; lastKnownFileType = sourcecode.swift; path = "Array+set+call.swift"; sourceTree = "<group>"; };
		E32A37AF22905F7000E2F8B1 /* NotifierView.swift */ = {isa = PBXFileReference; lastKnownFileType = sourcecode.swift; path = NotifierView.swift; sourceTree = "<group>"; };
		E32A37B22290949E00E2F8B1 /* RAMDatabase.swift */ = {isa = PBXFileReference; lastKnownFileType = sourcecode.swift; path = RAMDatabase.swift; sourceTree = "<group>"; };
		E32A37BE229098EB00E2F8B1 /* DAO.swift */ = {isa = PBXFileReference; fileEncoding = 4; lastKnownFileType = sourcecode.swift; path = DAO.swift; sourceTree = "<group>"; };
		E32A37C222909A8200E2F8B1 /* RAMHistoryDAO.swift */ = {isa = PBXFileReference; lastKnownFileType = sourcecode.swift; path = RAMHistoryDAO.swift; sourceTree = "<group>"; };
		E32A37C422909D7400E2F8B1 /* HistoryGraphViewController.swift */ = {isa = PBXFileReference; lastKnownFileType = sourcecode.swift; path = HistoryGraphViewController.swift; sourceTree = "<group>"; };
		E32A37C622909E8500E2F8B1 /* HistoryGraphViewModel.swift */ = {isa = PBXFileReference; lastKnownFileType = sourcecode.swift; name = HistoryGraphViewModel.swift; path = Minichallenge3/ViewModels/HistoryGraphViewModel.swift; sourceTree = SOURCE_ROOT; };
		E32A37CA2290A06E00E2F8B1 /* HistoryGraphState.swift */ = {isa = PBXFileReference; lastKnownFileType = sourcecode.swift; path = HistoryGraphState.swift; sourceTree = "<group>"; };
		E32A37CC2290A12100E2F8B1 /* CardViewProtocol.swift */ = {isa = PBXFileReference; lastKnownFileType = sourcecode.swift; path = CardViewProtocol.swift; sourceTree = "<group>"; };
		E32A37CE2290A14A00E2F8B1 /* HistoryNodeViewModel.swift */ = {isa = PBXFileReference; lastKnownFileType = sourcecode.swift; path = HistoryNodeViewModel.swift; sourceTree = "<group>"; };
		E32A37D02290B4F000E2F8B1 /* HistoryGraphViewModelDelegate.swift */ = {isa = PBXFileReference; lastKnownFileType = sourcecode.swift; path = HistoryGraphViewModelDelegate.swift; sourceTree = "<group>"; };
		E32A37D22290B87800E2F8B1 /* SinopseLabel.swift */ = {isa = PBXFileReference; lastKnownFileType = sourcecode.swift; name = SinopseLabel.swift; path = ../SinopseLabel.swift; sourceTree = "<group>"; };
		E32A37D62290BC3B00E2F8B1 /* SinopseView.swift */ = {isa = PBXFileReference; lastKnownFileType = sourcecode.swift; path = SinopseView.swift; sourceTree = "<group>"; };
		E32A37D82290C2D700E2F8B1 /* HistoryGraphViewModelNodeType.swift */ = {isa = PBXFileReference; lastKnownFileType = sourcecode.swift; path = HistoryGraphViewModelNodeType.swift; sourceTree = "<group>"; };
		E32A37DB2290C65200E2F8B1 /* GraphViewItemEventHandler.swift */ = {isa = PBXFileReference; lastKnownFileType = sourcecode.swift; name = GraphViewItemEventHandler.swift; path = ../GraphViewItemEventHandler.swift; sourceTree = "<group>"; };
		E32A37DE22917EB000E2F8B1 /* GraphViewConnectionEventHandler.swift */ = {isa = PBXFileReference; lastKnownFileType = sourcecode.swift; path = GraphViewConnectionEventHandler.swift; sourceTree = "<group>"; };
		E32A37E02291996F00E2F8B1 /* GraphViewDidLayoutType.swift */ = {isa = PBXFileReference; lastKnownFileType = sourcecode.swift; path = GraphViewDidLayoutType.swift; sourceTree = "<group>"; };
		E32A37E4229236FF00E2F8B1 /* GraphViewEventHandler.swift */ = {isa = PBXFileReference; lastKnownFileType = sourcecode.swift; path = GraphViewEventHandler.swift; sourceTree = "<group>"; };
		E32A37E622923ADD00E2F8B1 /* GraphView+operations.swift */ = {isa = PBXFileReference; lastKnownFileType = sourcecode.swift; path = "GraphView+operations.swift"; sourceTree = "<group>"; };
		E331CCC52287B3070041379B /* GraphView.swift */ = {isa = PBXFileReference; lastKnownFileType = sourcecode.swift; path = GraphView.swift; sourceTree = "<group>"; };
		E331CCC9228846B20041379B /* GraphViewDelegate.swift */ = {isa = PBXFileReference; lastKnownFileType = sourcecode.swift; path = GraphViewDelegate.swift; sourceTree = "<group>"; };
		E331CCCB228846C20041379B /* GraphViewDatasource.swift */ = {isa = PBXFileReference; lastKnownFileType = sourcecode.swift; path = GraphViewDatasource.swift; sourceTree = "<group>"; };
		E331CCCE2288802B0041379B /* Array+forearch.swift */ = {isa = PBXFileReference; lastKnownFileType = sourcecode.swift; path = "Array+forearch.swift"; sourceTree = "<group>"; };
		E331CCD02288971D0041379B /* GraphLineView.swift */ = {isa = PBXFileReference; lastKnownFileType = sourcecode.swift; path = GraphLineView.swift; sourceTree = "<group>"; };
		E381E2C22288D7B700E25B78 /* GraphItemView.swift */ = {isa = PBXFileReference; lastKnownFileType = sourcecode.swift; path = GraphItemView.swift; sourceTree = "<group>"; };
		E381E2C42288DC1D00E25B78 /* GraphViewConnector.swift */ = {isa = PBXFileReference; lastKnownFileType = sourcecode.swift; path = GraphViewConnector.swift; sourceTree = "<group>"; };
		E381E2C62288DCC500E25B78 /* ItemViewConnector.swift */ = {isa = PBXFileReference; lastKnownFileType = sourcecode.swift; path = ItemViewConnector.swift; sourceTree = "<group>"; };
		E381E2C82288DE8300E25B78 /* CGPoint+add.swift */ = {isa = PBXFileReference; lastKnownFileType = sourcecode.swift; path = "CGPoint+add.swift"; sourceTree = "<group>"; };
		E381E2CA2288E0AF00E25B78 /* UIBezierPath+addPolygon.swift */ = {isa = PBXFileReference; lastKnownFileType = sourcecode.swift; path = "UIBezierPath+addPolygon.swift"; sourceTree = "<group>"; };
		E381E2D02289C41800E25B78 /* NSLayoutConstraint+activate.swift */ = {isa = PBXFileReference; lastKnownFileType = sourcecode.swift; path = "NSLayoutConstraint+activate.swift"; sourceTree = "<group>"; };
		E381E2D22289C58F00E25B78 /* ItemViewConnectorDirection.swift */ = {isa = PBXFileReference; lastKnownFileType = sourcecode.swift; path = ItemViewConnectorDirection.swift; sourceTree = "<group>"; };
		E3C030AB2282F19500AD53E0 /* HistoryGraph.swift */ = {isa = PBXFileReference; lastKnownFileType = sourcecode.swift; path = HistoryGraph.swift; sourceTree = "<group>"; };
		E3C030AD2282F1B400AD53E0 /* HistoryNodeProtocol.swift */ = {isa = PBXFileReference; lastKnownFileType = sourcecode.swift; path = HistoryNodeProtocol.swift; sourceTree = "<group>"; };
		E3C030AF2282F1C500AD53E0 /* HistoryNode.swift */ = {isa = PBXFileReference; lastKnownFileType = sourcecode.swift; path = HistoryNode.swift; sourceTree = "<group>"; };
		E3C030B12282F1E300AD53E0 /* HistoryShortcut.swift */ = {isa = PBXFileReference; lastKnownFileType = sourcecode.swift; path = HistoryShortcut.swift; sourceTree = "<group>"; };
		E3C030B32282F1F300AD53E0 /* HistoryConnection.swift */ = {isa = PBXFileReference; lastKnownFileType = sourcecode.swift; path = HistoryConnection.swift; sourceTree = "<group>"; };
		E3C030B5228322FC00AD53E0 /* HistoryNodesGrid.swift */ = {isa = PBXFileReference; lastKnownFileType = sourcecode.swift; path = HistoryNodesGrid.swift; sourceTree = "<group>"; };
		E3C030B722844F0800AD53E0 /* HistoryGraphTests.swift */ = {isa = PBXFileReference; lastKnownFileType = sourcecode.swift; path = HistoryGraphTests.swift; sourceTree = "<group>"; };
		E3C030BA22845ECE00AD53E0 /* HistoryError.swift */ = {isa = PBXFileReference; lastKnownFileType = sourcecode.swift; path = HistoryError.swift; sourceTree = "<group>"; };
		E3C030C1228478EB00AD53E0 /* HistoryGraph.framework */ = {isa = PBXFileReference; explicitFileType = wrapper.framework; includeInIndex = 0; path = HistoryGraph.framework; sourceTree = BUILT_PRODUCTS_DIR; };
		E3C030C3228478EB00AD53E0 /* HistoryGraph.h */ = {isa = PBXFileReference; lastKnownFileType = sourcecode.c.h; path = HistoryGraph.h; sourceTree = "<group>"; };
		E3C030C4228478EB00AD53E0 /* Info.plist */ = {isa = PBXFileReference; lastKnownFileType = text.plist.xml; path = Info.plist; sourceTree = "<group>"; };
		FC017E3F228E577E008979E7 /* AddRamificationViewModel.swift */ = {isa = PBXFileReference; lastKnownFileType = sourcecode.swift; path = AddRamificationViewModel.swift; sourceTree = "<group>"; };
		FC02E939228AFFC100537429 /* ExpandableTableViewCell.swift */ = {isa = PBXFileReference; fileEncoding = 4; lastKnownFileType = sourcecode.swift; path = ExpandableTableViewCell.swift; sourceTree = "<group>"; };
		FC02E93A228AFFC100537429 /* ExpandableTableViewHeaderView.swift */ = {isa = PBXFileReference; fileEncoding = 4; lastKnownFileType = sourcecode.swift; path = ExpandableTableViewHeaderView.swift; sourceTree = "<group>"; };
		FC02F5D5228D8B31008F0777 /* UITextView+addDoneButtonOnKeyboard.swift */ = {isa = PBXFileReference; fileEncoding = 4; lastKnownFileType = sourcecode.swift; path = "UITextView+addDoneButtonOnKeyboard.swift"; sourceTree = "<group>"; };
		FC02F5D6228D8B31008F0777 /* AppColors.swift */ = {isa = PBXFileReference; fileEncoding = 4; lastKnownFileType = sourcecode.swift; path = AppColors.swift; sourceTree = "<group>"; };
		FC02F5D7228D8B31008F0777 /* UIColor+hexInit.swift */ = {isa = PBXFileReference; fileEncoding = 4; lastKnownFileType = sourcecode.swift; path = "UIColor+hexInit.swift"; sourceTree = "<group>"; };
		FC02F5D8228D8B31008F0777 /* String+calculateSize.swift */ = {isa = PBXFileReference; fileEncoding = 4; lastKnownFileType = sourcecode.swift; path = "String+calculateSize.swift"; sourceTree = "<group>"; };
		FC02F5D9228D8B31008F0777 /* UIView+round.swift */ = {isa = PBXFileReference; fileEncoding = 4; lastKnownFileType = sourcecode.swift; path = "UIView+round.swift"; sourceTree = "<group>"; };
		FC02F5E4228D8E32008F0777 /* NodeDetailsView.swift */ = {isa = PBXFileReference; fileEncoding = 4; lastKnownFileType = sourcecode.swift; path = NodeDetailsView.swift; sourceTree = "<group>"; };
		FC02F5E5228D8E32008F0777 /* DetailsViewController.swift */ = {isa = PBXFileReference; fileEncoding = 4; lastKnownFileType = sourcecode.swift; path = DetailsViewController.swift; sourceTree = "<group>"; };
		FC02F5E9228D8EA2008F0777 /* BranchCollectionViewCell.swift */ = {isa = PBXFileReference; fileEncoding = 4; lastKnownFileType = sourcecode.swift; path = BranchCollectionViewCell.swift; sourceTree = "<group>"; };
		FC02F5EC228D8F08008F0777 /* DetailsViewModel.swift */ = {isa = PBXFileReference; fileEncoding = 4; lastKnownFileType = sourcecode.swift; path = DetailsViewModel.swift; sourceTree = "<group>"; };
		FC02F5F0228D9AC9008F0777 /* AddRamificationViewController.swift */ = {isa = PBXFileReference; lastKnownFileType = sourcecode.swift; path = AddRamificationViewController.swift; sourceTree = "<group>"; };
		FC02F5F2228DA510008F0777 /* AddRamificationsView.swift */ = {isa = PBXFileReference; lastKnownFileType = sourcecode.swift; path = AddRamificationsView.swift; sourceTree = "<group>"; };
		FC060915228C6A1B008C98AE /* CardView.swift */ = {isa = PBXFileReference; lastKnownFileType = sourcecode.swift; path = CardView.swift; sourceTree = "<group>"; };
		FCB3548A228065AF00AB7ED2 /* Minichallenge3.app */ = {isa = PBXFileReference; explicitFileType = wrapper.application; includeInIndex = 0; path = Minichallenge3.app; sourceTree = BUILT_PRODUCTS_DIR; };
		FCB3548D228065AF00AB7ED2 /* AppDelegate.swift */ = {isa = PBXFileReference; lastKnownFileType = sourcecode.swift; path = AppDelegate.swift; sourceTree = "<group>"; };
		FCB3548F228065AF00AB7ED2 /* ViewController.swift */ = {isa = PBXFileReference; lastKnownFileType = sourcecode.swift; path = ViewController.swift; sourceTree = "<group>"; };
		FCB35492228065AF00AB7ED2 /* Base */ = {isa = PBXFileReference; lastKnownFileType = file.storyboard; name = Base; path = Base.lproj/Main.storyboard; sourceTree = "<group>"; };
		FCB35495228065AF00AB7ED2 /* Minichallenge3.xcdatamodel */ = {isa = PBXFileReference; lastKnownFileType = wrapper.xcdatamodel; path = Minichallenge3.xcdatamodel; sourceTree = "<group>"; };
		FCB35497228065B000AB7ED2 /* Assets.xcassets */ = {isa = PBXFileReference; lastKnownFileType = folder.assetcatalog; path = Assets.xcassets; sourceTree = "<group>"; };
		FCB3549A228065B000AB7ED2 /* Base */ = {isa = PBXFileReference; lastKnownFileType = file.storyboard; name = Base; path = Base.lproj/LaunchScreen.storyboard; sourceTree = "<group>"; };
		FCB3549C228065B000AB7ED2 /* Info.plist */ = {isa = PBXFileReference; lastKnownFileType = text.plist.xml; path = Info.plist; sourceTree = "<group>"; };
		FCB354A1228065B000AB7ED2 /* Minichallenge3Tests.xctest */ = {isa = PBXFileReference; explicitFileType = wrapper.cfbundle; includeInIndex = 0; path = Minichallenge3Tests.xctest; sourceTree = BUILT_PRODUCTS_DIR; };
		FCB354A5228065B000AB7ED2 /* Minichallenge3Tests.swift */ = {isa = PBXFileReference; lastKnownFileType = sourcecode.swift; path = Minichallenge3Tests.swift; sourceTree = "<group>"; };
		FCB354A7228065B000AB7ED2 /* Info.plist */ = {isa = PBXFileReference; lastKnownFileType = text.plist.xml; path = Info.plist; sourceTree = "<group>"; };
		FCB354AC228065B000AB7ED2 /* Minichallenge3UITests.xctest */ = {isa = PBXFileReference; explicitFileType = wrapper.cfbundle; includeInIndex = 0; path = Minichallenge3UITests.xctest; sourceTree = BUILT_PRODUCTS_DIR; };
		FCB354B0228065B000AB7ED2 /* Minichallenge3UITests.swift */ = {isa = PBXFileReference; lastKnownFileType = sourcecode.swift; path = Minichallenge3UITests.swift; sourceTree = "<group>"; };
		FCB354B2228065B000AB7ED2 /* Info.plist */ = {isa = PBXFileReference; lastKnownFileType = text.plist.xml; path = Info.plist; sourceTree = "<group>"; };
		FCB354BE2280688D00AB7ED2 /* CITest.swift */ = {isa = PBXFileReference; lastKnownFileType = sourcecode.swift; path = CITest.swift; sourceTree = "<group>"; };
/* End PBXFileReference section */

/* Begin PBXFrameworksBuildPhase section */
		E3C030BE228478EB00AD53E0 /* Frameworks */ = {
			isa = PBXFrameworksBuildPhase;
			buildActionMask = 2147483647;
			files = (
			);
			runOnlyForDeploymentPostprocessing = 0;
		};
		FCB35487228065AF00AB7ED2 /* Frameworks */ = {
			isa = PBXFrameworksBuildPhase;
			buildActionMask = 2147483647;
			files = (
				E3C030C8228478EB00AD53E0 /* HistoryGraph.framework in Frameworks */,
				C77E46C789F9B2BADE16D712 /* Pods_Minichallenge3.framework in Frameworks */,
			);
			runOnlyForDeploymentPostprocessing = 0;
		};
		FCB3549E228065B000AB7ED2 /* Frameworks */ = {
			isa = PBXFrameworksBuildPhase;
			buildActionMask = 2147483647;
			files = (
			);
			runOnlyForDeploymentPostprocessing = 0;
		};
		FCB354A9228065B000AB7ED2 /* Frameworks */ = {
			isa = PBXFrameworksBuildPhase;
			buildActionMask = 2147483647;
			files = (
			);
			runOnlyForDeploymentPostprocessing = 0;
		};
/* End PBXFrameworksBuildPhase section */

/* Begin PBXGroup section */
		3C200C2A228D9B39002F7FAF /* PresentationView */ = {
			isa = PBXGroup;
			children = (
				3C200C5622947738002F7FAF /* BranchCollectionView.swift */,
			);
			path = PresentationView;
			sourceTree = "<group>";
		};
		3C200C2B228D9B82002F7FAF /* PresentationNodeCell */ = {
			isa = PBXGroup;
			children = (
				3C200C32228D9E92002F7FAF /* NodePresentationTableViewCell.swift */,
			);
			path = PresentationNodeCell;
			sourceTree = "<group>";
		};
		927CFA59228DAB5800CAC09E /* ShortcutView */ = {
			isa = PBXGroup;
			children = (
				927CFA5A228DAB8800CAC09E /* ShortcutView.swift */,
				927CFA5C228ED0A500CAC09E /* ShortcutViewDelegate.swift */,
				927CFA5E2291CA1400CAC09E /* ShortcutViewDataSource.swift */,
			);
			path = ShortcutView;
			sourceTree = "<group>";
		};
		DABAE8F7599EAF4B2D921E49 /* Frameworks */ = {
			isa = PBXGroup;
			children = (
				3CF4D23D356FA463D37FC974 /* Pods_Minichallenge3.framework */,
			);
			name = Frameworks;
			sourceTree = "<group>";
		};
		E32A37A82290406D00E2F8B1 /* Operator */ = {
			isa = PBXGroup;
			children = (
				E32A379A228A4FD700E2F8B1 /* GraphViewOperator.swift */,
				E32A37A9229040B300E2F8B1 /* OperationAnimationStage.swift */,
				E32A37AB2290496000E2F8B1 /* GraphViewAnimator.swift */,
			);
			path = Operator;
			sourceTree = "<group>";
		};
		E32A37B12290947A00E2F8B1 /* Database */ = {
			isa = PBXGroup;
			children = (
				E32A37C1229098FA00E2F8B1 /* RAMDatabase */,
				E32A37BC229098EB00E2F8B1 /* DAO */,
			);
			path = Database;
			sourceTree = "<group>";
		};
		E32A37BC229098EB00E2F8B1 /* DAO */ = {
			isa = PBXGroup;
			children = (
				E32A37BE229098EB00E2F8B1 /* DAO.swift */,
			);
			path = DAO;
			sourceTree = "<group>";
		};
		E32A37C1229098FA00E2F8B1 /* RAMDatabase */ = {
			isa = PBXGroup;
			children = (
				E32A37B22290949E00E2F8B1 /* RAMDatabase.swift */,
				E32A37C222909A8200E2F8B1 /* RAMHistoryDAO.swift */,
			);
			path = RAMDatabase;
			sourceTree = "<group>";
		};
		E32A37C92290A05E00E2F8B1 /* HistoryGraph */ = {
			isa = PBXGroup;
			children = (
				E32A37C622909E8500E2F8B1 /* HistoryGraphViewModel.swift */,
				E32A37CA2290A06E00E2F8B1 /* HistoryGraphState.swift */,
				E32A37D02290B4F000E2F8B1 /* HistoryGraphViewModelDelegate.swift */,
			);
			path = HistoryGraph;
			sourceTree = "<group>";
		};
		E32A37D52290BC2F00E2F8B1 /* SinopseView */ = {
			isa = PBXGroup;
			children = (
				E32A37D22290B87800E2F8B1 /* SinopseLabel.swift */,
				E32A37D62290BC3B00E2F8B1 /* SinopseView.swift */,
			);
			path = SinopseView;
			sourceTree = "<group>";
		};
		E32A37DA2290C35800E2F8B1 /* HistoryNode */ = {
			isa = PBXGroup;
			children = (
				E32A37CE2290A14A00E2F8B1 /* HistoryNodeViewModel.swift */,
				E32A37D82290C2D700E2F8B1 /* HistoryGraphViewModelNodeType.swift */,
			);
			path = HistoryNode;
			sourceTree = "<group>";
		};
		E32A37DD22917E6F00E2F8B1 /* Event Handlers */ = {
			isa = PBXGroup;
			children = (
				E32A37DB2290C65200E2F8B1 /* GraphViewItemEventHandler.swift */,
				E32A37DE22917EB000E2F8B1 /* GraphViewConnectionEventHandler.swift */,
				E32A37E4229236FF00E2F8B1 /* GraphViewEventHandler.swift */,
			);
			path = "Event Handlers";
			sourceTree = "<group>";
		};
		E331CCC42287B2F30041379B /* Views */ = {
			isa = PBXGroup;
			children = (
				E32A37D52290BC2F00E2F8B1 /* SinopseView */,
				FC02F5E8228D8E70008F0777 /* BranchCell */,
				FC02F5DF228D8DCF008F0777 /* DetailViews */,
				E32A379D228B011300E2F8B1 /* CustomNavigation.swift */,
				E32A379C228B011300E2F8B1 /* MyNarrativesView.swift */,
				FC02E92B228AFEBF00537429 /* ExpandableCell */,
				3C200C2B228D9B82002F7FAF /* PresentationNodeCell */,
				E331CCC7228846720041379B /* GraphView */,
				927CFA59228DAB5800CAC09E /* ShortcutView */,
				FC060914228C69FC008C98AE /* CardView */,
				3C200C2A228D9B39002F7FAF /* PresentationView */,
				FC02F5F2228DA510008F0777 /* AddRamificationsView.swift */,
			);
			path = Views;
			sourceTree = "<group>";
		};
		E331CCC7228846720041379B /* GraphView */ = {
			isa = PBXGroup;
			children = (
				E32A37DD22917E6F00E2F8B1 /* Event Handlers */,
				E32A37A82290406D00E2F8B1 /* Operator */,
				E381E2D4228A27EF00E25B78 /* Connector */,
				E331CCC8228846A40041379B /* Delegate */,
				E331CCC52287B3070041379B /* GraphView.swift */,
				E331CCD02288971D0041379B /* GraphLineView.swift */,
				E381E2C22288D7B700E25B78 /* GraphItemView.swift */,
				E32A37A4228ED44300E2F8B1 /* GraphItemEmptyView.swift */,
				E32A37AF22905F7000E2F8B1 /* NotifierView.swift */,
				E32A37E02291996F00E2F8B1 /* GraphViewDidLayoutType.swift */,
				E32A37E622923ADD00E2F8B1 /* GraphView+operations.swift */,
			);
			path = GraphView;
			sourceTree = "<group>";
		};
		E331CCC8228846A40041379B /* Delegate */ = {
			isa = PBXGroup;
			children = (
				E331CCC9228846B20041379B /* GraphViewDelegate.swift */,
				E331CCCB228846C20041379B /* GraphViewDatasource.swift */,
			);
			path = Delegate;
			sourceTree = "<group>";
		};
		E331CCCD228880100041379B /* Extensions */ = {
			isa = PBXGroup;
			children = (
				FC02F5D6228D8B31008F0777 /* AppColors.swift */,
				FC02F5D8228D8B31008F0777 /* String+calculateSize.swift */,
				FC02F5D7228D8B31008F0777 /* UIColor+hexInit.swift */,
				FC02F5D5228D8B31008F0777 /* UITextView+addDoneButtonOnKeyboard.swift */,
				FC02F5D9228D8B31008F0777 /* UIView+round.swift */,
				E331CCCE2288802B0041379B /* Array+forearch.swift */,
				E381E2C82288DE8300E25B78 /* CGPoint+add.swift */,
				E381E2CA2288E0AF00E25B78 /* UIBezierPath+addPolygon.swift */,
				E381E2D02289C41800E25B78 /* NSLayoutConstraint+activate.swift */,
				E32A37A6228EE69E00E2F8B1 /* CGRect+init.swift */,
				E32A37AD2290580500E2F8B1 /* Array+set+call.swift */,
			);
			path = Extensions;
			sourceTree = "<group>";
		};
		E381E2D4228A27EF00E25B78 /* Connector */ = {
			isa = PBXGroup;
			children = (
				E381E2C42288DC1D00E25B78 /* GraphViewConnector.swift */,
				E381E2C62288DCC500E25B78 /* ItemViewConnector.swift */,
				E381E2D22289C58F00E25B78 /* ItemViewConnectorDirection.swift */,
			);
			path = Connector;
			sourceTree = "<group>";
		};
		E3C030AA2282F14700AD53E0 /* Models */ = {
			isa = PBXGroup;
			children = (
				E3C030BA22845ECE00AD53E0 /* HistoryError.swift */,
				E3C030AB2282F19500AD53E0 /* HistoryGraph.swift */,
				92E92CEB228C59A9000494BA /* HistoryGraphDelegate.swift */,
				E3C030AD2282F1B400AD53E0 /* HistoryNodeProtocol.swift */,
				E3C030AF2282F1C500AD53E0 /* HistoryNode.swift */,
				E3C030B12282F1E300AD53E0 /* HistoryShortcut.swift */,
				E3C030B32282F1F300AD53E0 /* HistoryConnection.swift */,
				E3C030B5228322FC00AD53E0 /* HistoryNodesGrid.swift */,
				92E92CED228CFE75000494BA /* HistoryGridDelegate.swift */,
			);
			path = Models;
			sourceTree = "<group>";
		};
		E3C030C2228478EB00AD53E0 /* HistoryGraph */ = {
			isa = PBXGroup;
			children = (
				E3C030AA2282F14700AD53E0 /* Models */,
				E3C030C3228478EB00AD53E0 /* HistoryGraph.h */,
				E3C030C4228478EB00AD53E0 /* Info.plist */,
			);
			path = HistoryGraph;
			sourceTree = "<group>";
		};
		E63AF8B70B6E719FFBCF5BDE /* Pods */ = {
			isa = PBXGroup;
			children = (
				4405664E379635FBB9519A12 /* Pods-Minichallenge3.debug.xcconfig */,
				B20FF8B7118109CF1BB19056 /* Pods-Minichallenge3.release.xcconfig */,
			);
			name = Pods;
			sourceTree = "<group>";
		};
		FC02E8DC228AE18900537429 /* Controllers */ = {
			isa = PBXGroup;
			children = (
				FC02F5E5228D8E32008F0777 /* DetailsViewController.swift */,
				E32A37A0228B013600E2F8B1 /* MyNarrativesViewController.swift */,
				3C200C2E228D9BFE002F7FAF /* PresentationViewController.swift */,
				E32A37C422909D7400E2F8B1 /* HistoryGraphViewController.swift */,
				FC02F5F0228D9AC9008F0777 /* AddRamificationViewController.swift */,
			);
			path = Controllers;
			sourceTree = "<group>";
		};
		FC02E92B228AFEBF00537429 /* ExpandableCell */ = {
			isa = PBXGroup;
			children = (
				FC02E939228AFFC100537429 /* ExpandableTableViewCell.swift */,
				FC02E93A228AFFC100537429 /* ExpandableTableViewHeaderView.swift */,
			);
			path = ExpandableCell;
			sourceTree = "<group>";
		};
		FC02F5DF228D8DCF008F0777 /* DetailViews */ = {
			isa = PBXGroup;
			children = (
				FC02F5E4228D8E32008F0777 /* NodeDetailsView.swift */,
			);
			path = DetailViews;
			sourceTree = "<group>";
		};
		FC02F5E8228D8E70008F0777 /* BranchCell */ = {
			isa = PBXGroup;
			children = (
				FC02F5E9228D8EA2008F0777 /* BranchCollectionViewCell.swift */,
			);
			path = BranchCell;
			sourceTree = "<group>";
		};
		FC02F5EB228D8EDE008F0777 /* ViewModels */ = {
			isa = PBXGroup;
			children = (
				3C200C30228D9CE8002F7FAF /* ViewModelProtocol.swift */,
				3C200C2C228D9BA4002F7FAF /* PresentationViewModel.swift */,
				E32A37DA2290C35800E2F8B1 /* HistoryNode */,
				E32A37C92290A05E00E2F8B1 /* HistoryGraph */,
				FC02F5EC228D8F08008F0777 /* DetailsViewModel.swift */,
				FC017E3F228E577E008979E7 /* AddRamificationViewModel.swift */,
			);
			path = ViewModels;
			sourceTree = "<group>";
		};
		FC060914228C69FC008C98AE /* CardView */ = {
			isa = PBXGroup;
			children = (
				FC060915228C6A1B008C98AE /* CardView.swift */,
				E32A37CC2290A12100E2F8B1 /* CardViewProtocol.swift */,
			);
			path = CardView;
			sourceTree = "<group>";
		};
		FCB35481228065AF00AB7ED2 = {
			isa = PBXGroup;
			children = (
				FCB3548C228065AF00AB7ED2 /* Minichallenge3 */,
				E3C030C2228478EB00AD53E0 /* HistoryGraph */,
				FCB354A4228065B000AB7ED2 /* Minichallenge3Tests */,
				FCB354AF228065B000AB7ED2 /* Minichallenge3UITests */,
				FCB3548B228065AF00AB7ED2 /* Products */,
				E63AF8B70B6E719FFBCF5BDE /* Pods */,
				DABAE8F7599EAF4B2D921E49 /* Frameworks */,
			);
			sourceTree = "<group>";
		};
		FCB3548B228065AF00AB7ED2 /* Products */ = {
			isa = PBXGroup;
			children = (
				FCB3548A228065AF00AB7ED2 /* Minichallenge3.app */,
				FCB354A1228065B000AB7ED2 /* Minichallenge3Tests.xctest */,
				FCB354AC228065B000AB7ED2 /* Minichallenge3UITests.xctest */,
				E3C030C1228478EB00AD53E0 /* HistoryGraph.framework */,
			);
			name = Products;
			sourceTree = "<group>";
		};
		FCB3548C228065AF00AB7ED2 /* Minichallenge3 */ = {
			isa = PBXGroup;
			children = (
				E32A37B12290947A00E2F8B1 /* Database */,
				FC02F5EB228D8EDE008F0777 /* ViewModels */,
				E331CCCD228880100041379B /* Extensions */,
				E331CCC42287B2F30041379B /* Views */,
				FC02E8DC228AE18900537429 /* Controllers */,
				FCB3548D228065AF00AB7ED2 /* AppDelegate.swift */,
				FCB3548F228065AF00AB7ED2 /* ViewController.swift */,
				FCB35491228065AF00AB7ED2 /* Main.storyboard */,
				FCB35497228065B000AB7ED2 /* Assets.xcassets */,
				FCB35499228065B000AB7ED2 /* LaunchScreen.storyboard */,
				FCB3549C228065B000AB7ED2 /* Info.plist */,
				FCB35494228065AF00AB7ED2 /* Minichallenge3.xcdatamodeld */,
			);
			path = Minichallenge3;
			sourceTree = "<group>";
		};
		FCB354A4228065B000AB7ED2 /* Minichallenge3Tests */ = {
			isa = PBXGroup;
			children = (
				FCB354A5228065B000AB7ED2 /* Minichallenge3Tests.swift */,
				E3C030B722844F0800AD53E0 /* HistoryGraphTests.swift */,
				E3012A712285A7B000AB008F /* HistoryNodesGridTests.swift */,
				E3012A732285BCAD00AB008F /* HistoryConnectionTests.swift */,
				FCB354A7228065B000AB7ED2 /* Info.plist */,
				FCB354BE2280688D00AB7ED2 /* CITest.swift */,
			);
			path = Minichallenge3Tests;
			sourceTree = "<group>";
		};
		FCB354AF228065B000AB7ED2 /* Minichallenge3UITests */ = {
			isa = PBXGroup;
			children = (
				FCB354B0228065B000AB7ED2 /* Minichallenge3UITests.swift */,
				FCB354B2228065B000AB7ED2 /* Info.plist */,
			);
			path = Minichallenge3UITests;
			sourceTree = "<group>";
		};
/* End PBXGroup section */

/* Begin PBXHeadersBuildPhase section */
		E3C030BC228478EB00AD53E0 /* Headers */ = {
			isa = PBXHeadersBuildPhase;
			buildActionMask = 2147483647;
			files = (
				E3C030C5228478EB00AD53E0 /* HistoryGraph.h in Headers */,
			);
			runOnlyForDeploymentPostprocessing = 0;
		};
/* End PBXHeadersBuildPhase section */

/* Begin PBXNativeTarget section */
		E3C030C0228478EB00AD53E0 /* HistoryGraph */ = {
			isa = PBXNativeTarget;
			buildConfigurationList = E3C030CA228478EB00AD53E0 /* Build configuration list for PBXNativeTarget "HistoryGraph" */;
			buildPhases = (
				E3C030BC228478EB00AD53E0 /* Headers */,
				E3C030BD228478EB00AD53E0 /* Sources */,
				E3C030BE228478EB00AD53E0 /* Frameworks */,
				E3C030BF228478EB00AD53E0 /* Resources */,
			);
			buildRules = (
			);
			dependencies = (
			);
			name = HistoryGraph;
			productName = HistoryGraph;
			productReference = E3C030C1228478EB00AD53E0 /* HistoryGraph.framework */;
			productType = "com.apple.product-type.framework";
		};
		FCB35489228065AF00AB7ED2 /* Minichallenge3 */ = {
			isa = PBXNativeTarget;
			buildConfigurationList = FCB354B5228065B000AB7ED2 /* Build configuration list for PBXNativeTarget "Minichallenge3" */;
			buildPhases = (
				3465A1F9AD45A0169A6EFA3D /* [CP] Check Pods Manifest.lock */,
				FCB35486228065AF00AB7ED2 /* Sources */,
				FCB35487228065AF00AB7ED2 /* Frameworks */,
				FCB35488228065AF00AB7ED2 /* Resources */,
				FCB354C0228077F000AB7ED2 /* ShellScript */,
				E3C030CD228478EB00AD53E0 /* Embed Frameworks */,
			);
			buildRules = (
			);
			dependencies = (
				E3C030C7228478EB00AD53E0 /* PBXTargetDependency */,
			);
			name = Minichallenge3;
			productName = Minichallenge3;
			productReference = FCB3548A228065AF00AB7ED2 /* Minichallenge3.app */;
			productType = "com.apple.product-type.application";
		};
		FCB354A0228065B000AB7ED2 /* Minichallenge3Tests */ = {
			isa = PBXNativeTarget;
			buildConfigurationList = FCB354B8228065B000AB7ED2 /* Build configuration list for PBXNativeTarget "Minichallenge3Tests" */;
			buildPhases = (
				FCB3549D228065B000AB7ED2 /* Sources */,
				FCB3549E228065B000AB7ED2 /* Frameworks */,
				FCB3549F228065B000AB7ED2 /* Resources */,
			);
			buildRules = (
			);
			dependencies = (
				FCB354A3228065B000AB7ED2 /* PBXTargetDependency */,
			);
			name = Minichallenge3Tests;
			productName = Minichallenge3Tests;
			productReference = FCB354A1228065B000AB7ED2 /* Minichallenge3Tests.xctest */;
			productType = "com.apple.product-type.bundle.unit-test";
		};
		FCB354AB228065B000AB7ED2 /* Minichallenge3UITests */ = {
			isa = PBXNativeTarget;
			buildConfigurationList = FCB354BB228065B000AB7ED2 /* Build configuration list for PBXNativeTarget "Minichallenge3UITests" */;
			buildPhases = (
				FCB354A8228065B000AB7ED2 /* Sources */,
				FCB354A9228065B000AB7ED2 /* Frameworks */,
				FCB354AA228065B000AB7ED2 /* Resources */,
			);
			buildRules = (
			);
			dependencies = (
				FCB354AE228065B000AB7ED2 /* PBXTargetDependency */,
			);
			name = Minichallenge3UITests;
			productName = Minichallenge3UITests;
			productReference = FCB354AC228065B000AB7ED2 /* Minichallenge3UITests.xctest */;
			productType = "com.apple.product-type.bundle.ui-testing";
		};
/* End PBXNativeTarget section */

/* Begin PBXProject section */
		FCB35482228065AF00AB7ED2 /* Project object */ = {
			isa = PBXProject;
			attributes = {
				LastSwiftUpdateCheck = 1020;
				LastUpgradeCheck = 1020;
				ORGANIZATIONNAME = "Adriel Freire";
				TargetAttributes = {
					E3C030C0228478EB00AD53E0 = {
						CreatedOnToolsVersion = 10.2.1;
					};
					FCB35489228065AF00AB7ED2 = {
						CreatedOnToolsVersion = 10.2;
					};
					FCB354A0228065B000AB7ED2 = {
						CreatedOnToolsVersion = 10.2;
						TestTargetID = FCB35489228065AF00AB7ED2;
					};
					FCB354AB228065B000AB7ED2 = {
						CreatedOnToolsVersion = 10.2;
						TestTargetID = FCB35489228065AF00AB7ED2;
					};
				};
			};
			buildConfigurationList = FCB35485228065AF00AB7ED2 /* Build configuration list for PBXProject "Minichallenge3" */;
			compatibilityVersion = "Xcode 9.3";
			developmentRegion = en;
			hasScannedForEncodings = 0;
			knownRegions = (
				en,
				Base,
			);
			mainGroup = FCB35481228065AF00AB7ED2;
			productRefGroup = FCB3548B228065AF00AB7ED2 /* Products */;
			projectDirPath = "";
			projectRoot = "";
			targets = (
				FCB35489228065AF00AB7ED2 /* Minichallenge3 */,
				FCB354A0228065B000AB7ED2 /* Minichallenge3Tests */,
				FCB354AB228065B000AB7ED2 /* Minichallenge3UITests */,
				E3C030C0228478EB00AD53E0 /* HistoryGraph */,
			);
		};
/* End PBXProject section */

/* Begin PBXResourcesBuildPhase section */
		E3C030BF228478EB00AD53E0 /* Resources */ = {
			isa = PBXResourcesBuildPhase;
			buildActionMask = 2147483647;
			files = (
			);
			runOnlyForDeploymentPostprocessing = 0;
		};
		FCB35488228065AF00AB7ED2 /* Resources */ = {
			isa = PBXResourcesBuildPhase;
			buildActionMask = 2147483647;
			files = (
				FCB3549B228065B000AB7ED2 /* LaunchScreen.storyboard in Resources */,
				FCB35498228065B000AB7ED2 /* Assets.xcassets in Resources */,
				FCB35493228065AF00AB7ED2 /* Main.storyboard in Resources */,
			);
			runOnlyForDeploymentPostprocessing = 0;
		};
		FCB3549F228065B000AB7ED2 /* Resources */ = {
			isa = PBXResourcesBuildPhase;
			buildActionMask = 2147483647;
			files = (
			);
			runOnlyForDeploymentPostprocessing = 0;
		};
		FCB354AA228065B000AB7ED2 /* Resources */ = {
			isa = PBXResourcesBuildPhase;
			buildActionMask = 2147483647;
			files = (
			);
			runOnlyForDeploymentPostprocessing = 0;
		};
/* End PBXResourcesBuildPhase section */

/* Begin PBXShellScriptBuildPhase section */
		3465A1F9AD45A0169A6EFA3D /* [CP] Check Pods Manifest.lock */ = {
			isa = PBXShellScriptBuildPhase;
			buildActionMask = 2147483647;
			files = (
			);
			inputFileListPaths = (
			);
			inputPaths = (
				"${PODS_PODFILE_DIR_PATH}/Podfile.lock",
				"${PODS_ROOT}/Manifest.lock",
			);
			name = "[CP] Check Pods Manifest.lock";
			outputFileListPaths = (
			);
			outputPaths = (
				"$(DERIVED_FILE_DIR)/Pods-Minichallenge3-checkManifestLockResult.txt",
			);
			runOnlyForDeploymentPostprocessing = 0;
			shellPath = /bin/sh;
			shellScript = "diff \"${PODS_PODFILE_DIR_PATH}/Podfile.lock\" \"${PODS_ROOT}/Manifest.lock\" > /dev/null\nif [ $? != 0 ] ; then\n    # print error to STDERR\n    echo \"error: The sandbox is not in sync with the Podfile.lock. Run 'pod install' or update your CocoaPods installation.\" >&2\n    exit 1\nfi\n# This output is used by Xcode 'outputs' to avoid re-running this script phase.\necho \"SUCCESS\" > \"${SCRIPT_OUTPUT_FILE_0}\"\n";
			showEnvVarsInLog = 0;
		};
		FCB354C0228077F000AB7ED2 /* ShellScript */ = {
			isa = PBXShellScriptBuildPhase;
			buildActionMask = 2147483647;
			files = (
			);
			inputFileListPaths = (
			);
			inputPaths = (
			);
			outputFileListPaths = (
			);
			outputPaths = (
			);
			runOnlyForDeploymentPostprocessing = 0;
			shellPath = /bin/sh;
			shellScript = "\"${PODS_ROOT}/SwiftLint/swiftlint\"\n\n";
		};
/* End PBXShellScriptBuildPhase section */

/* Begin PBXSourcesBuildPhase section */
		E3C030BD228478EB00AD53E0 /* Sources */ = {
			isa = PBXSourcesBuildPhase;
			buildActionMask = 2147483647;
			files = (
				E3C030D1228479DC00AD53E0 /* HistoryNode.swift in Sources */,
				E3C030D2228479DC00AD53E0 /* HistoryShortcut.swift in Sources */,
				E3C030CE228479DC00AD53E0 /* HistoryError.swift in Sources */,
				E3C030D0228479DC00AD53E0 /* HistoryNodeProtocol.swift in Sources */,
				92E92CEC228C59A9000494BA /* HistoryGraphDelegate.swift in Sources */,
				E3C030D3228479DC00AD53E0 /* HistoryConnection.swift in Sources */,
				E3C030CF228479DC00AD53E0 /* HistoryGraph.swift in Sources */,
				E3C030D4228479DC00AD53E0 /* HistoryNodesGrid.swift in Sources */,
				92E92CEE228CFE75000494BA /* HistoryGridDelegate.swift in Sources */,
			);
			runOnlyForDeploymentPostprocessing = 0;
		};
		FCB35486228065AF00AB7ED2 /* Sources */ = {
			isa = PBXSourcesBuildPhase;
			buildActionMask = 2147483647;
			files = (
				FC017E40228E577E008979E7 /* AddRamificationViewModel.swift in Sources */,
				E32A379E228B011300E2F8B1 /* MyNarrativesView.swift in Sources */,
				E32A37E722923ADD00E2F8B1 /* GraphView+operations.swift in Sources */,
				E331CCCC228846C20041379B /* GraphViewDatasource.swift in Sources */,
				E32A37A1228B013600E2F8B1 /* MyNarrativesViewController.swift in Sources */,
				E32A37D92290C2D700E2F8B1 /* HistoryGraphViewModelNodeType.swift in Sources */,
				FC02E93D228AFFC100537429 /* ExpandableTableViewCell.swift in Sources */,
				E32A37D32290B87800E2F8B1 /* SinopseLabel.swift in Sources */,
				E32A37B32290949E00E2F8B1 /* RAMDatabase.swift in Sources */,
				927CFA5B228DAB8800CAC09E /* ShortcutView.swift in Sources */,
				E32A37A5228ED44300E2F8B1 /* GraphItemEmptyView.swift in Sources */,
				E381E2C72288DCC500E25B78 /* ItemViewConnector.swift in Sources */,
				927CFA5D228ED0A500CAC09E /* ShortcutViewDelegate.swift in Sources */,
				FC02F5DE228D8B31008F0777 /* UIView+round.swift in Sources */,
				3C200C33228D9E92002F7FAF /* NodePresentationTableViewCell.swift in Sources */,
				FC02F5E7228D8E32008F0777 /* DetailsViewController.swift in Sources */,
				FC02F5F3228DA510008F0777 /* AddRamificationsView.swift in Sources */,
				FC02F5DA228D8B31008F0777 /* UITextView+addDoneButtonOnKeyboard.swift in Sources */,
				FCB35490228065AF00AB7ED2 /* ViewController.swift in Sources */,
				E32A37D12290B4F000E2F8B1 /* HistoryGraphViewModelDelegate.swift in Sources */,
				E32A37AA229040B300E2F8B1 /* OperationAnimationStage.swift in Sources */,
				E32A37C722909E8500E2F8B1 /* HistoryGraphViewModel.swift in Sources */,
				E331CCCF2288802B0041379B /* Array+forearch.swift in Sources */,
				E32A37CB2290A06E00E2F8B1 /* HistoryGraphState.swift in Sources */,
				E32A37AE2290580500E2F8B1 /* Array+set+call.swift in Sources */,
				E32A37A7228EE69E00E2F8B1 /* CGRect+init.swift in Sources */,
				FC02F5DD228D8B31008F0777 /* String+calculateSize.swift in Sources */,
				E381E2D32289C58F00E25B78 /* ItemViewConnectorDirection.swift in Sources */,
				E32A37CD2290A12100E2F8B1 /* CardViewProtocol.swift in Sources */,
				E381E2D12289C41800E25B78 /* NSLayoutConstraint+activate.swift in Sources */,
				E32A37D72290BC3B00E2F8B1 /* SinopseView.swift in Sources */,
				E32A37C522909D7400E2F8B1 /* HistoryGraphViewController.swift in Sources */,
				E32A379B228A4FD700E2F8B1 /* GraphViewOperator.swift in Sources */,
				E381E2CB2288E0AF00E25B78 /* UIBezierPath+addPolygon.swift in Sources */,
				FC02F5DC228D8B31008F0777 /* UIColor+hexInit.swift in Sources */,
				E331CCD12288971D0041379B /* GraphLineView.swift in Sources */,
				E32A37DC2290C65200E2F8B1 /* GraphViewItemEventHandler.swift in Sources */,
				E331CCC62287B3070041379B /* GraphView.swift in Sources */,
				E32A37C0229098EB00E2F8B1 /* DAO.swift in Sources */,
				E32A37E12291996F00E2F8B1 /* GraphViewDidLayoutType.swift in Sources */,
				E32A37DF22917EB000E2F8B1 /* GraphViewConnectionEventHandler.swift in Sources */,
				E381E2C92288DE8300E25B78 /* CGPoint+add.swift in Sources */,
				3C200C572294773A002F7FAF /* BranchCollectionView.swift in Sources */,
				3C200C2F228D9BFE002F7FAF /* PresentationViewController.swift in Sources */,
				E32A37AC2290496000E2F8B1 /* GraphViewAnimator.swift in Sources */,
				E32A37B022905F7000E2F8B1 /* NotifierView.swift in Sources */,
				E381E2C52288DC1D00E25B78 /* GraphViewConnector.swift in Sources */,
				FC02F5EA228D8EA2008F0777 /* BranchCollectionViewCell.swift in Sources */,
				E32A37CF2290A14A00E2F8B1 /* HistoryNodeViewModel.swift in Sources */,
				FC02E93E228AFFC100537429 /* ExpandableTableViewHeaderView.swift in Sources */,
				E331CCCA228846B20041379B /* GraphViewDelegate.swift in Sources */,
				FC060916228C6A1B008C98AE /* CardView.swift in Sources */,
				FC02F5E6228D8E32008F0777 /* NodeDetailsView.swift in Sources */,
				E32A379F228B011300E2F8B1 /* CustomNavigation.swift in Sources */,
				927CFA5F2291CA1400CAC09E /* ShortcutViewDataSource.swift in Sources */,
				FC02F5DB228D8B31008F0777 /* AppColors.swift in Sources */,
				E32A37E5229236FF00E2F8B1 /* GraphViewEventHandler.swift in Sources */,
				E32A37C322909A8200E2F8B1 /* RAMHistoryDAO.swift in Sources */,
				FC02F5F1228D9AC9008F0777 /* AddRamificationViewController.swift in Sources */,
				FC02F5ED228D8F08008F0777 /* DetailsViewModel.swift in Sources */,
				E381E2C32288D7B700E25B78 /* GraphItemView.swift in Sources */,
				3C200C2D228D9BA4002F7FAF /* PresentationViewModel.swift in Sources */,
				3C200C31228D9CE8002F7FAF /* ViewModelProtocol.swift in Sources */,
				FCB3548E228065AF00AB7ED2 /* AppDelegate.swift in Sources */,
			);
			runOnlyForDeploymentPostprocessing = 0;
		};
		FCB3549D228065B000AB7ED2 /* Sources */ = {
			isa = PBXSourcesBuildPhase;
			buildActionMask = 2147483647;
			files = (
				E3012A742285BCAD00AB008F /* HistoryConnectionTests.swift in Sources */,
				FCB354A6228065B000AB7ED2 /* Minichallenge3Tests.swift in Sources */,
				FCB354BF2280688D00AB7ED2 /* CITest.swift in Sources */,
				E3012A722285A7B000AB008F /* HistoryNodesGridTests.swift in Sources */,
				E3C030B822844F0800AD53E0 /* HistoryGraphTests.swift in Sources */,
			);
			runOnlyForDeploymentPostprocessing = 0;
		};
		FCB354A8228065B000AB7ED2 /* Sources */ = {
			isa = PBXSourcesBuildPhase;
			buildActionMask = 2147483647;
			files = (
				FCB354B1228065B000AB7ED2 /* Minichallenge3UITests.swift in Sources */,
			);
			runOnlyForDeploymentPostprocessing = 0;
		};
/* End PBXSourcesBuildPhase section */

/* Begin PBXTargetDependency section */
		E3C030C7228478EB00AD53E0 /* PBXTargetDependency */ = {
			isa = PBXTargetDependency;
			target = E3C030C0228478EB00AD53E0 /* HistoryGraph */;
			targetProxy = E3C030C6228478EB00AD53E0 /* PBXContainerItemProxy */;
		};
		FCB354A3228065B000AB7ED2 /* PBXTargetDependency */ = {
			isa = PBXTargetDependency;
			target = FCB35489228065AF00AB7ED2 /* Minichallenge3 */;
			targetProxy = FCB354A2228065B000AB7ED2 /* PBXContainerItemProxy */;
		};
		FCB354AE228065B000AB7ED2 /* PBXTargetDependency */ = {
			isa = PBXTargetDependency;
			target = FCB35489228065AF00AB7ED2 /* Minichallenge3 */;
			targetProxy = FCB354AD228065B000AB7ED2 /* PBXContainerItemProxy */;
		};
/* End PBXTargetDependency section */

/* Begin PBXVariantGroup section */
		FCB35491228065AF00AB7ED2 /* Main.storyboard */ = {
			isa = PBXVariantGroup;
			children = (
				FCB35492228065AF00AB7ED2 /* Base */,
			);
			name = Main.storyboard;
			sourceTree = "<group>";
		};
		FCB35499228065B000AB7ED2 /* LaunchScreen.storyboard */ = {
			isa = PBXVariantGroup;
			children = (
				FCB3549A228065B000AB7ED2 /* Base */,
			);
			name = LaunchScreen.storyboard;
			sourceTree = "<group>";
		};
/* End PBXVariantGroup section */

/* Begin XCBuildConfiguration section */
		E3C030CB228478EB00AD53E0 /* Debug */ = {
			isa = XCBuildConfiguration;
			buildSettings = {
				CODE_SIGN_IDENTITY = "";
				CODE_SIGN_STYLE = Automatic;
				CURRENT_PROJECT_VERSION = 1;
				DEFINES_MODULE = YES;
				DEVELOPMENT_TEAM = "";
				DYLIB_COMPATIBILITY_VERSION = 1;
				DYLIB_CURRENT_VERSION = 1;
				DYLIB_INSTALL_NAME_BASE = "@rpath";
				INFOPLIST_FILE = HistoryGraph/Info.plist;
				INSTALL_PATH = "$(LOCAL_LIBRARY_DIR)/Frameworks";
				LD_RUNPATH_SEARCH_PATHS = (
					"$(inherited)",
					"@executable_path/Frameworks",
					"@loader_path/Frameworks",
				);
				PRODUCT_BUNDLE_IDENTIFIER = paulino.elias.HistoryGraph;
				PRODUCT_NAME = "$(TARGET_NAME:c99extidentifier)";
				SKIP_INSTALL = YES;
				SWIFT_VERSION = 5.0;
				TARGETED_DEVICE_FAMILY = "1,2";
				VERSIONING_SYSTEM = "apple-generic";
				VERSION_INFO_PREFIX = "";
			};
			name = Debug;
		};
		E3C030CC228478EB00AD53E0 /* Release */ = {
			isa = XCBuildConfiguration;
			buildSettings = {
				CODE_SIGN_IDENTITY = "";
				CODE_SIGN_STYLE = Automatic;
				CURRENT_PROJECT_VERSION = 1;
				DEFINES_MODULE = YES;
				DEVELOPMENT_TEAM = "";
				DYLIB_COMPATIBILITY_VERSION = 1;
				DYLIB_CURRENT_VERSION = 1;
				DYLIB_INSTALL_NAME_BASE = "@rpath";
				INFOPLIST_FILE = HistoryGraph/Info.plist;
				INSTALL_PATH = "$(LOCAL_LIBRARY_DIR)/Frameworks";
				LD_RUNPATH_SEARCH_PATHS = (
					"$(inherited)",
					"@executable_path/Frameworks",
					"@loader_path/Frameworks",
				);
				PRODUCT_BUNDLE_IDENTIFIER = paulino.elias.HistoryGraph;
				PRODUCT_NAME = "$(TARGET_NAME:c99extidentifier)";
				SKIP_INSTALL = YES;
				SWIFT_VERSION = 5.0;
				TARGETED_DEVICE_FAMILY = "1,2";
				VERSIONING_SYSTEM = "apple-generic";
				VERSION_INFO_PREFIX = "";
			};
			name = Release;
		};
		FCB354B3228065B000AB7ED2 /* Debug */ = {
			isa = XCBuildConfiguration;
			buildSettings = {
				ALWAYS_SEARCH_USER_PATHS = NO;
				CLANG_ANALYZER_NONNULL = YES;
				CLANG_ANALYZER_NUMBER_OBJECT_CONVERSION = YES_AGGRESSIVE;
				CLANG_CXX_LANGUAGE_STANDARD = "gnu++14";
				CLANG_CXX_LIBRARY = "libc++";
				CLANG_ENABLE_MODULES = YES;
				CLANG_ENABLE_OBJC_ARC = YES;
				CLANG_ENABLE_OBJC_WEAK = YES;
				CLANG_WARN_BLOCK_CAPTURE_AUTORELEASING = YES;
				CLANG_WARN_BOOL_CONVERSION = YES;
				CLANG_WARN_COMMA = YES;
				CLANG_WARN_CONSTANT_CONVERSION = YES;
				CLANG_WARN_DEPRECATED_OBJC_IMPLEMENTATIONS = YES;
				CLANG_WARN_DIRECT_OBJC_ISA_USAGE = YES_ERROR;
				CLANG_WARN_DOCUMENTATION_COMMENTS = YES;
				CLANG_WARN_EMPTY_BODY = YES;
				CLANG_WARN_ENUM_CONVERSION = YES;
				CLANG_WARN_INFINITE_RECURSION = YES;
				CLANG_WARN_INT_CONVERSION = YES;
				CLANG_WARN_NON_LITERAL_NULL_CONVERSION = YES;
				CLANG_WARN_OBJC_IMPLICIT_RETAIN_SELF = YES;
				CLANG_WARN_OBJC_LITERAL_CONVERSION = YES;
				CLANG_WARN_OBJC_ROOT_CLASS = YES_ERROR;
				CLANG_WARN_RANGE_LOOP_ANALYSIS = YES;
				CLANG_WARN_STRICT_PROTOTYPES = YES;
				CLANG_WARN_SUSPICIOUS_MOVE = YES;
				CLANG_WARN_UNGUARDED_AVAILABILITY = YES_AGGRESSIVE;
				CLANG_WARN_UNREACHABLE_CODE = YES;
				CLANG_WARN__DUPLICATE_METHOD_MATCH = YES;
				CODE_SIGN_IDENTITY = "iPhone Developer";
				COPY_PHASE_STRIP = NO;
				DEBUG_INFORMATION_FORMAT = dwarf;
				ENABLE_STRICT_OBJC_MSGSEND = YES;
				ENABLE_TESTABILITY = YES;
				GCC_C_LANGUAGE_STANDARD = gnu11;
				GCC_DYNAMIC_NO_PIC = NO;
				GCC_NO_COMMON_BLOCKS = YES;
				GCC_OPTIMIZATION_LEVEL = 0;
				GCC_PREPROCESSOR_DEFINITIONS = (
					"DEBUG=1",
					"$(inherited)",
				);
				GCC_WARN_64_TO_32_BIT_CONVERSION = YES;
				GCC_WARN_ABOUT_RETURN_TYPE = YES_ERROR;
				GCC_WARN_UNDECLARED_SELECTOR = YES;
				GCC_WARN_UNINITIALIZED_AUTOS = YES_AGGRESSIVE;
				GCC_WARN_UNUSED_FUNCTION = YES;
				GCC_WARN_UNUSED_VARIABLE = YES;
				IPHONEOS_DEPLOYMENT_TARGET = 12.2;
				MTL_ENABLE_DEBUG_INFO = INCLUDE_SOURCE;
				MTL_FAST_MATH = YES;
				ONLY_ACTIVE_ARCH = YES;
				SDKROOT = iphoneos;
				SWIFT_ACTIVE_COMPILATION_CONDITIONS = DEBUG;
				SWIFT_OPTIMIZATION_LEVEL = "-Onone";
			};
			name = Debug;
		};
		FCB354B4228065B000AB7ED2 /* Release */ = {
			isa = XCBuildConfiguration;
			buildSettings = {
				ALWAYS_SEARCH_USER_PATHS = NO;
				CLANG_ANALYZER_NONNULL = YES;
				CLANG_ANALYZER_NUMBER_OBJECT_CONVERSION = YES_AGGRESSIVE;
				CLANG_CXX_LANGUAGE_STANDARD = "gnu++14";
				CLANG_CXX_LIBRARY = "libc++";
				CLANG_ENABLE_MODULES = YES;
				CLANG_ENABLE_OBJC_ARC = YES;
				CLANG_ENABLE_OBJC_WEAK = YES;
				CLANG_WARN_BLOCK_CAPTURE_AUTORELEASING = YES;
				CLANG_WARN_BOOL_CONVERSION = YES;
				CLANG_WARN_COMMA = YES;
				CLANG_WARN_CONSTANT_CONVERSION = YES;
				CLANG_WARN_DEPRECATED_OBJC_IMPLEMENTATIONS = YES;
				CLANG_WARN_DIRECT_OBJC_ISA_USAGE = YES_ERROR;
				CLANG_WARN_DOCUMENTATION_COMMENTS = YES;
				CLANG_WARN_EMPTY_BODY = YES;
				CLANG_WARN_ENUM_CONVERSION = YES;
				CLANG_WARN_INFINITE_RECURSION = YES;
				CLANG_WARN_INT_CONVERSION = YES;
				CLANG_WARN_NON_LITERAL_NULL_CONVERSION = YES;
				CLANG_WARN_OBJC_IMPLICIT_RETAIN_SELF = YES;
				CLANG_WARN_OBJC_LITERAL_CONVERSION = YES;
				CLANG_WARN_OBJC_ROOT_CLASS = YES_ERROR;
				CLANG_WARN_RANGE_LOOP_ANALYSIS = YES;
				CLANG_WARN_STRICT_PROTOTYPES = YES;
				CLANG_WARN_SUSPICIOUS_MOVE = YES;
				CLANG_WARN_UNGUARDED_AVAILABILITY = YES_AGGRESSIVE;
				CLANG_WARN_UNREACHABLE_CODE = YES;
				CLANG_WARN__DUPLICATE_METHOD_MATCH = YES;
				CODE_SIGN_IDENTITY = "iPhone Developer";
				COPY_PHASE_STRIP = NO;
				DEBUG_INFORMATION_FORMAT = "dwarf-with-dsym";
				ENABLE_NS_ASSERTIONS = NO;
				ENABLE_STRICT_OBJC_MSGSEND = YES;
				GCC_C_LANGUAGE_STANDARD = gnu11;
				GCC_NO_COMMON_BLOCKS = YES;
				GCC_WARN_64_TO_32_BIT_CONVERSION = YES;
				GCC_WARN_ABOUT_RETURN_TYPE = YES_ERROR;
				GCC_WARN_UNDECLARED_SELECTOR = YES;
				GCC_WARN_UNINITIALIZED_AUTOS = YES_AGGRESSIVE;
				GCC_WARN_UNUSED_FUNCTION = YES;
				GCC_WARN_UNUSED_VARIABLE = YES;
				IPHONEOS_DEPLOYMENT_TARGET = 12.2;
				MTL_ENABLE_DEBUG_INFO = NO;
				MTL_FAST_MATH = YES;
				SDKROOT = iphoneos;
				SWIFT_COMPILATION_MODE = wholemodule;
				SWIFT_OPTIMIZATION_LEVEL = "-O";
				VALIDATE_PRODUCT = YES;
			};
			name = Release;
		};
		FCB354B6228065B000AB7ED2 /* Debug */ = {
			isa = XCBuildConfiguration;
			baseConfigurationReference = 4405664E379635FBB9519A12 /* Pods-Minichallenge3.debug.xcconfig */;
			buildSettings = {
				ALWAYS_EMBED_SWIFT_STANDARD_LIBRARIES = YES;
				ASSETCATALOG_COMPILER_APPICON_NAME = AppIcon;
				CODE_SIGN_IDENTITY = "iPhone Developer";
				CODE_SIGN_STYLE = Automatic;
				DEVELOPMENT_TEAM = 446LGN7Z63;
				INFOPLIST_FILE = Minichallenge3/Info.plist;
				LD_RUNPATH_SEARCH_PATHS = (
					"$(inherited)",
					"@executable_path/Frameworks",
				);
				PRODUCT_BUNDLE_IDENTIFIER = Adriel.Minichallenge3;
				PRODUCT_NAME = "$(TARGET_NAME)";
				PROVISIONING_PROFILE_SPECIFIER = "";
				SWIFT_VERSION = 5.0;
				TARGETED_DEVICE_FAMILY = "1,2";
			};
			name = Debug;
		};
		FCB354B7228065B000AB7ED2 /* Release */ = {
			isa = XCBuildConfiguration;
			baseConfigurationReference = B20FF8B7118109CF1BB19056 /* Pods-Minichallenge3.release.xcconfig */;
			buildSettings = {
				ALWAYS_EMBED_SWIFT_STANDARD_LIBRARIES = YES;
				ASSETCATALOG_COMPILER_APPICON_NAME = AppIcon;
				CODE_SIGN_IDENTITY = "iPhone Developer";
				CODE_SIGN_STYLE = Automatic;
				DEVELOPMENT_TEAM = 446LGN7Z63;
				INFOPLIST_FILE = Minichallenge3/Info.plist;
				LD_RUNPATH_SEARCH_PATHS = (
					"$(inherited)",
					"@executable_path/Frameworks",
				);
				PRODUCT_BUNDLE_IDENTIFIER = Adriel.Minichallenge3;
				PRODUCT_NAME = "$(TARGET_NAME)";
				PROVISIONING_PROFILE_SPECIFIER = "";
				SWIFT_VERSION = 5.0;
				TARGETED_DEVICE_FAMILY = "1,2";
			};
			name = Release;
		};
		FCB354B9228065B000AB7ED2 /* Debug */ = {
			isa = XCBuildConfiguration;
			buildSettings = {
				ALWAYS_EMBED_SWIFT_STANDARD_LIBRARIES = YES;
				BUNDLE_LOADER = "$(TEST_HOST)";
				CODE_SIGN_STYLE = Automatic;
				DEVELOPMENT_TEAM = 446LGN7Z63;
				INFOPLIST_FILE = Minichallenge3Tests/Info.plist;
				LD_RUNPATH_SEARCH_PATHS = (
					"$(inherited)",
					"@executable_path/Frameworks",
					"@loader_path/Frameworks",
				);
				PRODUCT_BUNDLE_IDENTIFIER = Adriel.Minichallenge3Tests;
				PRODUCT_NAME = "$(TARGET_NAME)";
				SWIFT_VERSION = 5.0;
				TARGETED_DEVICE_FAMILY = "1,2";
				TEST_HOST = "$(BUILT_PRODUCTS_DIR)/Minichallenge3.app/Minichallenge3";
			};
			name = Debug;
		};
		FCB354BA228065B000AB7ED2 /* Release */ = {
			isa = XCBuildConfiguration;
			buildSettings = {
				ALWAYS_EMBED_SWIFT_STANDARD_LIBRARIES = YES;
				BUNDLE_LOADER = "$(TEST_HOST)";
				CODE_SIGN_STYLE = Automatic;
				DEVELOPMENT_TEAM = 446LGN7Z63;
				INFOPLIST_FILE = Minichallenge3Tests/Info.plist;
				LD_RUNPATH_SEARCH_PATHS = (
					"$(inherited)",
					"@executable_path/Frameworks",
					"@loader_path/Frameworks",
				);
				PRODUCT_BUNDLE_IDENTIFIER = Adriel.Minichallenge3Tests;
				PRODUCT_NAME = "$(TARGET_NAME)";
				SWIFT_VERSION = 5.0;
				TARGETED_DEVICE_FAMILY = "1,2";
				TEST_HOST = "$(BUILT_PRODUCTS_DIR)/Minichallenge3.app/Minichallenge3";
			};
			name = Release;
		};
		FCB354BC228065B000AB7ED2 /* Debug */ = {
			isa = XCBuildConfiguration;
			buildSettings = {
				ALWAYS_EMBED_SWIFT_STANDARD_LIBRARIES = YES;
				CODE_SIGN_STYLE = Automatic;
				DEVELOPMENT_TEAM = 446LGN7Z63;
				INFOPLIST_FILE = Minichallenge3UITests/Info.plist;
				LD_RUNPATH_SEARCH_PATHS = (
					"$(inherited)",
					"@executable_path/Frameworks",
					"@loader_path/Frameworks",
				);
				PRODUCT_BUNDLE_IDENTIFIER = Adriel.Minichallenge3UITests;
				PRODUCT_NAME = "$(TARGET_NAME)";
				SWIFT_VERSION = 5.0;
				TARGETED_DEVICE_FAMILY = "1,2";
				TEST_TARGET_NAME = Minichallenge3;
			};
			name = Debug;
		};
		FCB354BD228065B000AB7ED2 /* Release */ = {
			isa = XCBuildConfiguration;
			buildSettings = {
				ALWAYS_EMBED_SWIFT_STANDARD_LIBRARIES = YES;
				CODE_SIGN_STYLE = Automatic;
				DEVELOPMENT_TEAM = 446LGN7Z63;
				INFOPLIST_FILE = Minichallenge3UITests/Info.plist;
				LD_RUNPATH_SEARCH_PATHS = (
					"$(inherited)",
					"@executable_path/Frameworks",
					"@loader_path/Frameworks",
				);
				PRODUCT_BUNDLE_IDENTIFIER = Adriel.Minichallenge3UITests;
				PRODUCT_NAME = "$(TARGET_NAME)";
				SWIFT_VERSION = 5.0;
				TARGETED_DEVICE_FAMILY = "1,2";
				TEST_TARGET_NAME = Minichallenge3;
			};
			name = Release;
		};
/* End XCBuildConfiguration section */

/* Begin XCConfigurationList section */
		E3C030CA228478EB00AD53E0 /* Build configuration list for PBXNativeTarget "HistoryGraph" */ = {
			isa = XCConfigurationList;
			buildConfigurations = (
				E3C030CB228478EB00AD53E0 /* Debug */,
				E3C030CC228478EB00AD53E0 /* Release */,
			);
			defaultConfigurationIsVisible = 0;
			defaultConfigurationName = Release;
		};
		FCB35485228065AF00AB7ED2 /* Build configuration list for PBXProject "Minichallenge3" */ = {
			isa = XCConfigurationList;
			buildConfigurations = (
				FCB354B3228065B000AB7ED2 /* Debug */,
				FCB354B4228065B000AB7ED2 /* Release */,
			);
			defaultConfigurationIsVisible = 0;
			defaultConfigurationName = Release;
		};
		FCB354B5228065B000AB7ED2 /* Build configuration list for PBXNativeTarget "Minichallenge3" */ = {
			isa = XCConfigurationList;
			buildConfigurations = (
				FCB354B6228065B000AB7ED2 /* Debug */,
				FCB354B7228065B000AB7ED2 /* Release */,
			);
			defaultConfigurationIsVisible = 0;
			defaultConfigurationName = Release;
		};
		FCB354B8228065B000AB7ED2 /* Build configuration list for PBXNativeTarget "Minichallenge3Tests" */ = {
			isa = XCConfigurationList;
			buildConfigurations = (
				FCB354B9228065B000AB7ED2 /* Debug */,
				FCB354BA228065B000AB7ED2 /* Release */,
			);
			defaultConfigurationIsVisible = 0;
			defaultConfigurationName = Release;
		};
		FCB354BB228065B000AB7ED2 /* Build configuration list for PBXNativeTarget "Minichallenge3UITests" */ = {
			isa = XCConfigurationList;
			buildConfigurations = (
				FCB354BC228065B000AB7ED2 /* Debug */,
				FCB354BD228065B000AB7ED2 /* Release */,
			);
			defaultConfigurationIsVisible = 0;
			defaultConfigurationName = Release;
		};
/* End XCConfigurationList section */

/* Begin XCVersionGroup section */
		FCB35494228065AF00AB7ED2 /* Minichallenge3.xcdatamodeld */ = {
			isa = XCVersionGroup;
			children = (
				FCB35495228065AF00AB7ED2 /* Minichallenge3.xcdatamodel */,
			);
			currentVersion = FCB35495228065AF00AB7ED2 /* Minichallenge3.xcdatamodel */;
			path = Minichallenge3.xcdatamodeld;
			sourceTree = "<group>";
			versionGroupType = wrapper.xcdatamodel;
		};
/* End XCVersionGroup section */
	};
	rootObject = FCB35482228065AF00AB7ED2 /* Project object */;
}
